
Microsoft Visual Studio Solution File, Format Version 12.00
# Visual Studio 15
VisualStudioVersion = 15.0.28307.329
MinimumVisualStudioVersion = 10.0.40219.1
Project("{FAE04EC0-301F-11D3-BF4B-00C04F79EFBC}") = "StudentPlan", "StudentPlan\StudentPlan.csproj", "{B4B4BAE8-78E2-4EFB-9E77-83DAD9678343}"
EndProject
Global
	GlobalSection(SolutionConfigurationPlatforms) = preSolution
		Debug|Any CPU = Debug|Any CPU
		Release|Any CPU = Release|Any CPU
	EndGlobalSection
	GlobalSection(ProjectConfigurationPlatforms) = postSolution
		{B4B4BAE8-78E2-4EFB-9E77-83DAD9678343}.Debug|Any CPU.ActiveCfg = Debug|Any CPU
		{B4B4BAE8-78E2-4EFB-9E77-83DAD9678343}.Debug|Any CPU.Build.0 = Debug|Any CPU
		{B4B4BAE8-78E2-4EFB-9E77-83DAD9678343}.Release|Any CPU.ActiveCfg = Release|Any CPU
		{B4B4BAE8-78E2-4EFB-9E77-83DAD9678343}.Release|Any CPU.Build.0 = Release|Any CPU
	EndGlobalSection
	GlobalSection(SolutionProperties) = preSolution
		HideSolutionNode = FALSE
	EndGlobalSection
	GlobalSection(ExtensibilityGlobals) = postSolution
		SolutionGuid = {8F40AB0A-8CBC-4457-836D-86339EFC6D49}
	EndGlobalSection
EndGlobal
